github.com/Austin-Mello/Bitboard v0.0.0-20220303100639-2aab104c177a h1:cN3bim6GtSvLU+6o0ttJG3j/gSJ5JMn6J5t+oPliiCE=
github.com/Austin-Mello/Bitboard v0.0.0-20220303100639-2aab104c177a/go.mod h1:Bz2eqVL0zwEgJNBYFsn2zaCxBV7AwJ26okwd13WCO1Y=
github.com/Austin-Mello/Bitboard v0.0.0-20220303101503-5682bc0bac92 h1:Quyyx12A5Sro0v7YXtfVbhVE+FuBU6+CZ7iJrxZkZdY=
github.com/Austin-Mello/Bitboard v0.0.0-20220303101503-5682bc0bac92/go.mod h1:Bz2eqVL0zwEgJNBYFsn2zaCxBV7AwJ26okwd13WCO1Y=
github.com/rbxb/httpfilter v1.0.0 h1:LpysJoP+Rx4xUvLE33Nwl+kjbaf6+K+mDv6YKJCiyPU=
github.com/rbxb/httpfilter v1.0.0/go.mod h1:a5g1a+FRZnQ4MM49Cl0A8ripRqXbvh6iuOOcNXLXsIg=
